// !$*UTF8*$!
{
	archiveVersion = 1;
	classes = {
	};
	objectVersion = 77;
	objects = {

/* Begin PBXContainerItemProxy section */
		EEB83B162CCD4C6B0036AC99 /* PBXContainerItemProxy */ = {
			isa = PBXContainerItemProxy;
			containerPortal = EEB83AFB2CCD4C690036AC99 /* Project object */;
			proxyType = 1;
			remoteGlobalIDString = EEB83B022CCD4C690036AC99;
			remoteInfo = stride;
		};
		EEB83B202CCD4C6B0036AC99 /* PBXContainerItemProxy */ = {
			isa = PBXContainerItemProxy;
			containerPortal = EEB83AFB2CCD4C690036AC99 /* Project object */;
			proxyType = 1;
			remoteGlobalIDString = EEB83B022CCD4C690036AC99;
			remoteInfo = stride;
		};
/* End PBXContainerItemProxy section */

/* Begin PBXFileReference section */
		EEB83B032CCD4C690036AC99 /* stride.app */ = {isa = PBXFileReference; explicitFileType = wrapper.application; includeInIndex = 0; path = stride.app; sourceTree = BUILT_PRODUCTS_DIR; };
		EEB83B152CCD4C6B0036AC99 /* strideTests.xctest */ = {isa = PBXFileReference; explicitFileType = wrapper.cfbundle; includeInIndex = 0; path = strideTests.xctest; sourceTree = BUILT_PRODUCTS_DIR; };
		EEB83B1F2CCD4C6B0036AC99 /* strideUITests.xctest */ = {isa = PBXFileReference; explicitFileType = wrapper.cfbundle; includeInIndex = 0; path = strideUITests.xctest; sourceTree = BUILT_PRODUCTS_DIR; };
/* End PBXFileReference section */

/* Begin PBXFileSystemSynchronizedRootGroup section */
		EEB83B052CCD4C690036AC99 /* stride */ = {
			isa = PBXFileSystemSynchronizedRootGroup;
			path = stride;
			sourceTree = "<group>";
		};
		EEB83B182CCD4C6B0036AC99 /* strideTests */ = {
			isa = PBXFileSystemSynchronizedRootGroup;
			path = strideTests;
			sourceTree = "<group>";
		};
		EEB83B222CCD4C6B0036AC99 /* strideUITests */ = {
			isa = PBXFileSystemSynchronizedRootGroup;
			path = strideUITests;
			sourceTree = "<group>";
		};
/* End PBXFileSystemSynchronizedRootGroup section */

/* Begin PBXFrameworksBuildPhase section */
		EEB83B002CCD4C690036AC99 /* Frameworks */ = {
			isa = PBXFrameworksBuildPhase;
			buildActionMask = 2147483647;
			files = (
			);
			runOnlyForDeploymentPostprocessing = 0;
		};
		EEB83B122CCD4C6B0036AC99 /* Frameworks */ = {
			isa = PBXFrameworksBuildPhase;
			buildActionMask = 2147483647;
			files = (
			);
			runOnlyForDeploymentPostprocessing = 0;
		};
		EEB83B1C2CCD4C6B0036AC99 /* Frameworks */ = {
			isa = PBXFrameworksBuildPhase;
			buildActionMask = 2147483647;
			files = (
			);
			runOnlyForDeploymentPostprocessing = 0;
		};
/* End PBXFrameworksBuildPhase section */

/* Begin PBXGroup section */
		EEB83AFA2CCD4C690036AC99 = {
			isa = PBXGroup;
			children = (
				EEB83B052CCD4C690036AC99 /* stride */,
				EEB83B182CCD4C6B0036AC99 /* strideTests */,
				EEB83B222CCD4C6B0036AC99 /* strideUITests */,
				EEB83B042CCD4C690036AC99 /* Products */,
			);
			sourceTree = "<group>";
		};
		EEB83B042CCD4C690036AC99 /* Products */ = {
			isa = PBXGroup;
			children = (
				EEB83B032CCD4C690036AC99 /* stride.app */,
				EEB83B152CCD4C6B0036AC99 /* strideTests.xctest */,
				EEB83B1F2CCD4C6B0036AC99 /* strideUITests.xctest */,
			);
			name = Products;
			sourceTree = "<group>";
		};
/* End PBXGroup section */

/* Begin PBXNativeTarget section */
		EEB83B022CCD4C690036AC99 /* stride */ = {
			isa = PBXNativeTarget;
			buildConfigurationList = EEB83B292CCD4C6B0036AC99 /* Build configuration list for PBXNativeTarget "stride" */;
			buildPhases = (
				EEB83AFF2CCD4C690036AC99 /* Sources */,
				EEB83B002CCD4C690036AC99 /* Frameworks */,
				EEB83B012CCD4C690036AC99 /* Resources */,
			);
			buildRules = (
			);
			dependencies = (
			);
			fileSystemSynchronizedGroups = (
				EEB83B052CCD4C690036AC99 /* stride */,
			);
			name = stride;
			packageProductDependencies = (
			);
			productName = stride;
			productReference = EEB83B032CCD4C690036AC99 /* stride.app */;
			productType = "com.apple.product-type.application";
		};
		EEB83B142CCD4C6B0036AC99 /* strideTests */ = {
			isa = PBXNativeTarget;
			buildConfigurationList = EEB83B2C2CCD4C6B0036AC99 /* Build configuration list for PBXNativeTarget "strideTests" */;
			buildPhases = (
				EEB83B112CCD4C6B0036AC99 /* Sources */,
				EEB83B122CCD4C6B0036AC99 /* Frameworks */,
				EEB83B132CCD4C6B0036AC99 /* Resources */,
			);
			buildRules = (
			);
			dependencies = (
				EEB83B172CCD4C6B0036AC99 /* PBXTargetDependency */,
			);
			fileSystemSynchronizedGroups = (
				EEB83B182CCD4C6B0036AC99 /* strideTests */,
			);
			name = strideTests;
			packageProductDependencies = (
			);
			productName = strideTests;
			productReference = EEB83B152CCD4C6B0036AC99 /* strideTests.xctest */;
			productType = "com.apple.product-type.bundle.unit-test";
		};
		EEB83B1E2CCD4C6B0036AC99 /* strideUITests */ = {
			isa = PBXNativeTarget;
			buildConfigurationList = EEB83B2F2CCD4C6B0036AC99 /* Build configuration list for PBXNativeTarget "strideUITests" */;
			buildPhases = (
				EEB83B1B2CCD4C6B0036AC99 /* Sources */,
				EEB83B1C2CCD4C6B0036AC99 /* Frameworks */,
				EEB83B1D2CCD4C6B0036AC99 /* Resources */,
			);
			buildRules = (
			);
			dependencies = (
				EEB83B212CCD4C6B0036AC99 /* PBXTargetDependency */,
			);
			fileSystemSynchronizedGroups = (
				EEB83B222CCD4C6B0036AC99 /* strideUITests */,
			);
			name = strideUITests;
			packageProductDependencies = (
			);
			productName = strideUITests;
			productReference = EEB83B1F2CCD4C6B0036AC99 /* strideUITests.xctest */;
			productType = "com.apple.product-type.bundle.ui-testing";
		};
/* End PBXNativeTarget section */

/* Begin PBXProject section */
		EEB83AFB2CCD4C690036AC99 /* Project object */ = {
			isa = PBXProject;
			attributes = {
				BuildIndependentTargetsInParallel = 1;
				LastSwiftUpdateCheck = 1600;
				LastUpgradeCheck = 1600;
				TargetAttributes = {
					EEB83B022CCD4C690036AC99 = {
						CreatedOnToolsVersion = 16.0;
					};
					EEB83B142CCD4C6B0036AC99 = {
						CreatedOnToolsVersion = 16.0;
						TestTargetID = EEB83B022CCD4C690036AC99;
					};
					EEB83B1E2CCD4C6B0036AC99 = {
						CreatedOnToolsVersion = 16.0;
						TestTargetID = EEB83B022CCD4C690036AC99;
					};
				};
			};
			buildConfigurationList = EEB83AFE2CCD4C690036AC99 /* Build configuration list for PBXProject "stride" */;
			developmentRegion = en;
			hasScannedForEncodings = 0;
			knownRegions = (
				en,
				Base,
			);
			mainGroup = EEB83AFA2CCD4C690036AC99;
			minimizedProjectReferenceProxies = 1;
			preferredProjectObjectVersion = 77;
			productRefGroup = EEB83B042CCD4C690036AC99 /* Products */;
			projectDirPath = "";
			projectRoot = "";
			targets = (
				EEB83B022CCD4C690036AC99 /* stride */,
				EEB83B142CCD4C6B0036AC99 /* strideTests */,
				EEB83B1E2CCD4C6B0036AC99 /* strideUITests */,
			);
		};
/* End PBXProject section */

/* Begin PBXResourcesBuildPhase section */
		EEB83B012CCD4C690036AC99 /* Resources */ = {
			isa = PBXResourcesBuildPhase;
			buildActionMask = 2147483647;
			files = (
			);
			runOnlyForDeploymentPostprocessing = 0;
		};
		EEB83B132CCD4C6B0036AC99 /* Resources */ = {
			isa = PBXResourcesBuildPhase;
			buildActionMask = 2147483647;
			files = (
			);
			runOnlyForDeploymentPostprocessing = 0;
		};
		EEB83B1D2CCD4C6B0036AC99 /* Resources */ = {
			isa = PBXResourcesBuildPhase;
			buildActionMask = 2147483647;
			files = (
			);
			runOnlyForDeploymentPostprocessing = 0;
		};
/* End PBXResourcesBuildPhase section */

/* Begin PBXSourcesBuildPhase section */
		EEB83AFF2CCD4C690036AC99 /* Sources */ = {
			isa = PBXSourcesBuildPhase;
			buildActionMask = 2147483647;
			files = (
			);
			runOnlyForDeploymentPostprocessing = 0;
		};
		EEB83B112CCD4C6B0036AC99 /* Sources */ = {
			isa = PBXSourcesBuildPhase;
			buildActionMask = 2147483647;
			files = (
			);
			runOnlyForDeploymentPostprocessing = 0;
		};
		EEB83B1B2CCD4C6B0036AC99 /* Sources */ = {
			isa = PBXSourcesBuildPhase;
			buildActionMask = 2147483647;
			files = (
			);
			runOnlyForDeploymentPostprocessing = 0;
		};
/* End PBXSourcesBuildPhase section */

/* Begin PBXTargetDependency section */
		EEB83B172CCD4C6B0036AC99 /* PBXTargetDependency */ = {
			isa = PBXTargetDependency;
			target = EEB83B022CCD4C690036AC99 /* stride */;
			targetProxy = EEB83B162CCD4C6B0036AC99 /* PBXContainerItemProxy */;
		};
		EEB83B212CCD4C6B0036AC99 /* PBXTargetDependency */ = {
			isa = PBXTargetDependency;
			target = EEB83B022CCD4C690036AC99 /* stride */;
			targetProxy = EEB83B202CCD4C6B0036AC99 /* PBXContainerItemProxy */;
		};
/* End PBXTargetDependency section */

/* Begin XCBuildConfiguration section */
		EEB83B272CCD4C6B0036AC99 /* Debug */ = {
			isa = XCBuildConfiguration;
			buildSettings = {
				ALWAYS_SEARCH_USER_PATHS = NO;
				ASSETCATALOG_COMPILER_GENERATE_SWIFT_ASSET_SYMBOL_EXTENSIONS = YES;
				CLANG_ANALYZER_NONNULL = YES;
				CLANG_ANALYZER_NUMBER_OBJECT_CONVERSION = YES_AGGRESSIVE;
				CLANG_CXX_LANGUAGE_STANDARD = "gnu++20";
				CLANG_ENABLE_MODULES = YES;
				CLANG_ENABLE_OBJC_ARC = YES;
				CLANG_ENABLE_OBJC_WEAK = YES;
				CLANG_WARN_BLOCK_CAPTURE_AUTORELEASING = YES;
				CLANG_WARN_BOOL_CONVERSION = YES;
				CLANG_WARN_COMMA = YES;
				CLANG_WARN_CONSTANT_CONVERSION = YES;
				CLANG_WARN_DEPRECATED_OBJC_IMPLEMENTATIONS = YES;
				CLANG_WARN_DIRECT_OBJC_ISA_USAGE = YES_ERROR;
				CLANG_WARN_DOCUMENTATION_COMMENTS = YES;
				CLANG_WARN_EMPTY_BODY = YES;
				CLANG_WARN_ENUM_CONVERSION = YES;
				CLANG_WARN_INFINITE_RECURSION = YES;
				CLANG_WARN_INT_CONVERSION = YES;
				CLANG_WARN_NON_LITERAL_NULL_CONVERSION = YES;
				CLANG_WARN_OBJC_IMPLICIT_RETAIN_SELF = YES;
				CLANG_WARN_OBJC_LITERAL_CONVERSION = YES;
				CLANG_WARN_OBJC_ROOT_CLASS = YES_ERROR;
				CLANG_WARN_QUOTED_INCLUDE_IN_FRAMEWORK_HEADER = YES;
				CLANG_WARN_RANGE_LOOP_ANALYSIS = YES;
				CLANG_WARN_STRICT_PROTOTYPES = YES;
				CLANG_WARN_SUSPICIOUS_MOVE = YES;
				CLANG_WARN_UNGUARDED_AVAILABILITY = YES_AGGRESSIVE;
				CLANG_WARN_UNREACHABLE_CODE = YES;
				CLANG_WARN__DUPLICATE_METHOD_MATCH = YES;
				COPY_PHASE_STRIP = NO;
				DEBUG_INFORMATION_FORMAT = dwarf;
				ENABLE_STRICT_OBJC_MSGSEND = YES;
				ENABLE_TESTABILITY = YES;
				ENABLE_USER_SCRIPT_SANDBOXING = YES;
				GCC_C_LANGUAGE_STANDARD = gnu17;
				GCC_DYNAMIC_NO_PIC = NO;
				GCC_NO_COMMON_BLOCKS = YES;
				GCC_OPTIMIZATION_LEVEL = 0;
				GCC_PREPROCESSOR_DEFINITIONS = (
					"DEBUG=1",
					"$(inherited)",
				);
				GCC_WARN_64_TO_32_BIT_CONVERSION = YES;
				GCC_WARN_ABOUT_RETURN_TYPE = YES_ERROR;
				GCC_WARN_UNDECLARED_SELECTOR = YES;
				GCC_WARN_UNINITIALIZED_AUTOS = YES_AGGRESSIVE;
				GCC_WARN_UNUSED_FUNCTION = YES;
				GCC_WARN_UNUSED_VARIABLE = YES;
				IPHONEOS_DEPLOYMENT_TARGET = 18.0;
				LOCALIZATION_PREFERS_STRING_CATALOGS = YES;
				MTL_ENABLE_DEBUG_INFO = INCLUDE_SOURCE;
				MTL_FAST_MATH = YES;
				ONLY_ACTIVE_ARCH = YES;
				SDKROOT = iphoneos;
				SWIFT_ACTIVE_COMPILATION_CONDITIONS = "DEBUG $(inherited)";
				SWIFT_OPTIMIZATION_LEVEL = "-Onone";
			};
			name = Debug;
		};
		EEB83B282CCD4C6B0036AC99 /* Release */ = {
			isa = XCBuildConfiguration;
			buildSettings = {
				ALWAYS_SEARCH_USER_PATHS = NO;
				ASSETCATALOG_COMPILER_GENERATE_SWIFT_ASSET_SYMBOL_EXTENSIONS = YES;
				CLANG_ANALYZER_NONNULL = YES;
				CLANG_ANALYZER_NUMBER_OBJECT_CONVERSION = YES_AGGRESSIVE;
				CLANG_CXX_LANGUAGE_STANDARD = "gnu++20";
				CLANG_ENABLE_MODULES = YES;
				CLANG_ENABLE_OBJC_ARC = YES;
				CLANG_ENABLE_OBJC_WEAK = YES;
				CLANG_WARN_BLOCK_CAPTURE_AUTORELEASING = YES;
				CLANG_WARN_BOOL_CONVERSION = YES;
				CLANG_WARN_COMMA = YES;
				CLANG_WARN_CONSTANT_CONVERSION = YES;
				CLANG_WARN_DEPRECATED_OBJC_IMPLEMENTATIONS = YES;
				CLANG_WARN_DIRECT_OBJC_ISA_USAGE = YES_ERROR;
				CLANG_WARN_DOCUMENTATION_COMMENTS = YES;
				CLANG_WARN_EMPTY_BODY = YES;
				CLANG_WARN_ENUM_CONVERSION = YES;
				CLANG_WARN_INFINITE_RECURSION = YES;
				CLANG_WARN_INT_CONVERSION = YES;
				CLANG_WARN_NON_LITERAL_NULL_CONVERSION = YES;
				CLANG_WARN_OBJC_IMPLICIT_RETAIN_SELF = YES;
				CLANG_WARN_OBJC_LITERAL_CONVERSION = YES;
				CLANG_WARN_OBJC_ROOT_CLASS = YES_ERROR;
				CLANG_WARN_QUOTED_INCLUDE_IN_FRAMEWORK_HEADER = YES;
				CLANG_WARN_RANGE_LOOP_ANALYSIS = YES;
				CLANG_WARN_STRICT_PROTOTYPES = YES;
				CLANG_WARN_SUSPICIOUS_MOVE = YES;
				CLANG_WARN_UNGUARDED_AVAILABILITY = YES_AGGRESSIVE;
				CLANG_WARN_UNREACHABLE_CODE = YES;
				CLANG_WARN__DUPLICATE_METHOD_MATCH = YES;
				COPY_PHASE_STRIP = NO;
				DEBUG_INFORMATION_FORMAT = "dwarf-with-dsym";
				ENABLE_NS_ASSERTIONS = NO;
				ENABLE_STRICT_OBJC_MSGSEND = YES;
				ENABLE_USER_SCRIPT_SANDBOXING = YES;
				GCC_C_LANGUAGE_STANDARD = gnu17;
				GCC_NO_COMMON_BLOCKS = YES;
				GCC_WARN_64_TO_32_BIT_CONVERSION = YES;
				GCC_WARN_ABOUT_RETURN_TYPE = YES_ERROR;
				GCC_WARN_UNDECLARED_SELECTOR = YES;
				GCC_WARN_UNINITIALIZED_AUTOS = YES_AGGRESSIVE;
				GCC_WARN_UNUSED_FUNCTION = YES;
				GCC_WARN_UNUSED_VARIABLE = YES;
				IPHONEOS_DEPLOYMENT_TARGET = 18.0;
				LOCALIZATION_PREFERS_STRING_CATALOGS = YES;
				MTL_ENABLE_DEBUG_INFO = NO;
				MTL_FAST_MATH = YES;
				SDKROOT = iphoneos;
				SWIFT_COMPILATION_MODE = wholemodule;
				VALIDATE_PRODUCT = YES;
			};
			name = Release;
		};
		EEB83B2A2CCD4C6B0036AC99 /* Debug */ = {
			isa = XCBuildConfiguration;
			buildSettings = {
				ASSETCATALOG_COMPILER_APPICON_NAME = AppIcon;
				ASSETCATALOG_COMPILER_GLOBAL_ACCENT_COLOR_NAME = AccentColor;
				CODE_SIGN_STYLE = Automatic;
				CURRENT_PROJECT_VERSION = 1;
				DEVELOPMENT_ASSET_PATHS = "\"stride/Preview Content\"";
				DEVELOPMENT_TEAM = Z8T9YZX3K2;
				ENABLE_PREVIEWS = YES;
				GENERATE_INFOPLIST_FILE = YES;
				INFOPLIST_KEY_UIApplicationSceneManifest_Generation = YES;
				INFOPLIST_KEY_UIApplicationSupportsIndirectInputEvents = YES;
				INFOPLIST_KEY_UILaunchScreen_Generation = YES;
				INFOPLIST_KEY_UISupportedInterfaceOrientations_iPad = "UIInterfaceOrientationPortrait UIInterfaceOrientationPortraitUpsideDown UIInterfaceOrientationLandscapeLeft UIInterfaceOrientationLandscapeRight";
				INFOPLIST_KEY_UISupportedInterfaceOrientations_iPhone = "UIInterfaceOrientationPortrait UIInterfaceOrientationLandscapeLeft UIInterfaceOrientationLandscapeRight";
				LD_RUNPATH_SEARCH_PATHS = (
					"$(inherited)",
					"@executable_path/Frameworks",
				);
				MARKETING_VERSION = 1.0;
				PRODUCT_BUNDLE_IDENTIFIER = com.mccallisterRyan.stride;
				PRODUCT_NAME = "$(TARGET_NAME)";
				SWIFT_EMIT_LOC_STRINGS = YES;
				SWIFT_VERSION = 5.0;
				TARGETED_DEVICE_FAMILY = "1,2";
			};
			name = Debug;
		};
		EEB83B2B2CCD4C6B0036AC99 /* Release */ = {
			isa = XCBuildConfiguration;
			buildSettings = {
				ASSETCATALOG_COMPILER_APPICON_NAME = AppIcon;
				ASSETCATALOG_COMPILER_GLOBAL_ACCENT_COLOR_NAME = AccentColor;
				CODE_SIGN_STYLE = Automatic;
				CURRENT_PROJECT_VERSION = 1;
				DEVELOPMENT_ASSET_PATHS = "\"stride/Preview Content\"";
				DEVELOPMENT_TEAM = Z8T9YZX3K2;
				ENABLE_PREVIEWS = YES;
				GENERATE_INFOPLIST_FILE = YES;
				INFOPLIST_KEY_UIApplicationSceneManifest_Generation = YES;
				INFOPLIST_KEY_UIApplicationSupportsIndirectInputEvents = YES;
				INFOPLIST_KEY_UILaunchScreen_Generation = YES;
				INFOPLIST_KEY_UISupportedInterfaceOrientations_iPad = "UIInterfaceOrientationPortrait UIInterfaceOrientationPortraitUpsideDown UIInterfaceOrientationLandscapeLeft UIInterfaceOrientationLandscapeRight";
				INFOPLIST_KEY_UISupportedInterfaceOrientations_iPhone = "UIInterfaceOrientationPortrait UIInterfaceOrientationLandscapeLeft UIInterfaceOrientationLandscapeRight";
				LD_RUNPATH_SEARCH_PATHS = (
					"$(inherited)",
					"@executable_path/Frameworks",
				);
				MARKETING_VERSION = 1.0;
				PRODUCT_BUNDLE_IDENTIFIER = com.mccallisterRyan.stride;
				PRODUCT_NAME = "$(TARGET_NAME)";
				SWIFT_EMIT_LOC_STRINGS = YES;
				SWIFT_VERSION = 5.0;
				TARGETED_DEVICE_FAMILY = "1,2";
			};
			name = Release;
		};
		EEB83B2D2CCD4C6B0036AC99 /* Debug */ = {
			isa = XCBuildConfiguration;
			buildSettings = {
				BUNDLE_LOADER = "$(TEST_HOST)";
				CODE_SIGN_STYLE = Automatic;
				CURRENT_PROJECT_VERSION = 1;
				DEVELOPMENT_TEAM = Z8T9YZX3K2;
				GENERATE_INFOPLIST_FILE = YES;
				IPHONEOS_DEPLOYMENT_TARGET = 18.0;
				MARKETING_VERSION = 1.0;
				PRODUCT_BUNDLE_IDENTIFIER = com.mccallisterRyan.strideTests;
				PRODUCT_NAME = "$(TARGET_NAME)";
				SWIFT_EMIT_LOC_STRINGS = NO;
				SWIFT_VERSION = 5.0;
				TARGETED_DEVICE_FAMILY = "1,2";
				TEST_HOST = "$(BUILT_PRODUCTS_DIR)/stride.app/$(BUNDLE_EXECUTABLE_FOLDER_PATH)/stride";
			};
			name = Debug;
		};
		EEB83B2E2CCD4C6B0036AC99 /* Release */ = {
			isa = XCBuildConfiguration;
			buildSettings = {
				BUNDLE_LOADER = "$(TEST_HOST)";
				CODE_SIGN_STYLE = Automatic;
				CURRENT_PROJECT_VERSION = 1;
				DEVELOPMENT_TEAM = Z8T9YZX3K2;
				GENERATE_INFOPLIST_FILE = YES;
				IPHONEOS_DEPLOYMENT_TARGET = 18.0;
				MARKETING_VERSION = 1.0;
				PRODUCT_BUNDLE_IDENTIFIER = com.mccallisterRyan.strideTests;
				PRODUCT_NAME = "$(TARGET_NAME)";
				SWIFT_EMIT_LOC_STRINGS = NO;
				SWIFT_VERSION = 5.0;
				TARGETED_DEVICE_FAMILY = "1,2";
				TEST_HOST = "$(BUILT_PRODUCTS_DIR)/stride.app/$(BUNDLE_EXECUTABLE_FOLDER_PATH)/stride";
			};
			name = Release;
		};
		EEB83B302CCD4C6B0036AC99 /* Debug */ = {
			isa = XCBuildConfiguration;
			buildSettings = {
				CODE_SIGN_STYLE = Automatic;
				CURRENT_PROJECT_VERSION = 1;
				DEVELOPMENT_TEAM = Z8T9YZX3K2;
				GENERATE_INFOPLIST_FILE = YES;
				MARKETING_VERSION = 1.0;
				PRODUCT_BUNDLE_IDENTIFIER = com.mccallisterRyan.strideUITests;
				PRODUCT_NAME = "$(TARGET_NAME)";
				SWIFT_EMIT_LOC_STRINGS = NO;
				SWIFT_VERSION = 5.0;
				TARGETED_DEVICE_FAMILY = "1,2";
				TEST_TARGET_NAME = stride;
			};
			name = Debug;
		};
		EEB83B312CCD4C6B0036AC99 /* Release */ = {
			isa = XCBuildConfiguration;
			buildSettings = {
				CODE_SIGN_STYLE = Automatic;
				CURRENT_PROJECT_VERSION = 1;
				DEVELOPMENT_TEAM = Z8T9YZX3K2;
				GENERATE_INFOPLIST_FILE = YES;
				MARKETING_VERSION = 1.0;
				PRODUCT_BUNDLE_IDENTIFIER = com.mccallisterRyan.strideUITests;
				PRODUCT_NAME = "$(TARGET_NAME)";
				SWIFT_EMIT_LOC_STRINGS = NO;
				SWIFT_VERSION = 5.0;
				TARGETED_DEVICE_FAMILY = "1,2";
				TEST_TARGET_NAME = stride;
			};
			name = Release;
		};
/* End XCBuildConfiguration section */

/* Begin XCConfigurationList section */
		EEB83AFE2CCD4C690036AC99 /* Build configuration list for PBXProject "stride" */ = {
			isa = XCConfigurationList;
			buildConfigurations = (
				EEB83B272CCD4C6B0036AC99 /* Debug */,
				EEB83B282CCD4C6B0036AC99 /* Release */,
			);
			defaultConfigurationIsVisible = 0;
			defaultConfigurationName = Release;
		};
		EEB83B292CCD4C6B0036AC99 /* Build configuration list for PBXNativeTarget "stride" */ = {
			isa = XCConfigurationList;
			buildConfigurations = (
				EEB83B2A2CCD4C6B0036AC99 /* Debug */,
				EEB83B2B2CCD4C6B0036AC99 /* Release */,
			);
			defaultConfigurationIsVisible = 0;
			defaultConfigurationName = Release;
		};
		EEB83B2C2CCD4C6B0036AC99 /* Build configuration list for PBXNativeTarget "strideTests" */ = {
			isa = XCConfigurationList;
			buildConfigurations = (
				EEB83B2D2CCD4C6B0036AC99 /* Debug */,
				EEB83B2E2CCD4C6B0036AC99 /* Release */,
			);
			defaultConfigurationIsVisible = 0;
			defaultConfigurationName = Release;
		};
		EEB83B2F2CCD4C6B0036AC99 /* Build configuration list for PBXNativeTarget "strideUITests" */ = {
			isa = XCConfigurationList;
			buildConfigurations = (
				EEB83B302CCD4C6B0036AC99 /* Debug */,
				EEB83B312CCD4C6B0036AC99 /* Release */,
			);
			defaultConfigurationIsVisible = 0;
			defaultConfigurationName = Release;
		};
/* End XCConfigurationList section */
	};
	rootObject = EEB83AFB2CCD4C690036AC99 /* Project object */;
}
